
Microsoft Visual Studio Solution File, Format Version 12.00
# Visual Studio Version 16
VisualStudioVersion = 16.0.30717.126
MinimumVisualStudioVersion = 10.0.40219.1
Project("{FAE04EC0-301F-11D3-BF4B-00C04F79EFBC}") = "LoadingForm", "LoadingForm\LoadingForm.csproj", "{DF560023-ADF3-4301-8901-559F6D4F36D7}"
EndProject
Project("{FAE04EC0-301F-11D3-BF4B-00C04F79EFBC}") = "TestForm", "TestForm\TestForm.csproj", "{6E8FD083-A171-4557-8C8B-7D4E3DEFA55B}"
EndProject
Global
	GlobalSection(SolutionConfigurationPlatforms) = preSolution
		Debug|Any CPU = Debug|Any CPU
		Release|Any CPU = Release|Any CPU
	EndGlobalSection
	GlobalSection(ProjectConfigurationPlatforms) = postSolution
		{DF560023-ADF3-4301-8901-559F6D4F36D7}.Debug|Any CPU.ActiveCfg = Debug|Any CPU
		{DF560023-ADF3-4301-8901-559F6D4F36D7}.Debug|Any CPU.Build.0 = Debug|Any CPU
		{DF560023-ADF3-4301-8901-559F6D4F36D7}.Release|Any CPU.ActiveCfg = Release|Any CPU
		{DF560023-ADF3-4301-8901-559F6D4F36D7}.Release|Any CPU.Build.0 = Release|Any CPU
		{6E8FD083-A171-4557-8C8B-7D4E3DEFA55B}.Debug|Any CPU.ActiveCfg = Debug|Any CPU
		{6E8FD083-A171-4557-8C8B-7D4E3DEFA55B}.Debug|Any CPU.Build.0 = Debug|Any CPU
		{6E8FD083-A171-4557-8C8B-7D4E3DEFA55B}.Release|Any CPU.ActiveCfg = Release|Any CPU
		{6E8FD083-A171-4557-8C8B-7D4E3DEFA55B}.Release|Any CPU.Build.0 = Release|Any CPU
	EndGlobalSection
	GlobalSection(SolutionProperties) = preSolution
		HideSolutionNode = FALSE
	EndGlobalSection
	GlobalSection(ExtensibilityGlobals) = postSolution
		SolutionGuid = {EB1B1696-3D0D-419A-BDE9-7F1929EAF190}
	EndGlobalSection
EndGlobal
